
Microsoft Visual Studio Solution File, Format Version 12.00
# Visual Studio Version 17
VisualStudioVersion = 17.8.34511.84
MinimumVisualStudioVersion = 10.0.40219.1
Project("{FAE04EC0-301F-11D3-BF4B-00C04F79EFBC}") = "SUT23-Project-AvanceradNET", "SUT23-Project-AvanceradNET\SUT23-Project-AvanceradNET.csproj", "{585ED9AC-D18C-42B1-9099-E766A4031134}"
EndProject
Project("{FAE04EC0-301F-11D3-BF4B-00C04F79EFBC}") = "ClassLibrary_Project_AvanceradNET", "ClassLibrary_Project_AvanceradNET\ClassLibrary_Project_AvanceradNET.csproj", "{5189C88A-51CA-4105-B6AF-4828AEF61A16}"
EndProject
Global
	GlobalSection(SolutionConfigurationPlatforms) = preSolution
		Debug|Any CPU = Debug|Any CPU
		Release|Any CPU = Release|Any CPU
	EndGlobalSection
	GlobalSection(ProjectConfigurationPlatforms) = postSolution
		{585ED9AC-D18C-42B1-9099-E766A4031134}.Debug|Any CPU.ActiveCfg = Debug|Any CPU
		{585ED9AC-D18C-42B1-9099-E766A4031134}.Debug|Any CPU.Build.0 = Debug|Any CPU
		{585ED9AC-D18C-42B1-9099-E766A4031134}.Release|Any CPU.ActiveCfg = Release|Any CPU
		{585ED9AC-D18C-42B1-9099-E766A4031134}.Release|Any CPU.Build.0 = Release|Any CPU
		{5189C88A-51CA-4105-B6AF-4828AEF61A16}.Debug|Any CPU.ActiveCfg = Debug|Any CPU
		{5189C88A-51CA-4105-B6AF-4828AEF61A16}.Debug|Any CPU.Build.0 = Debug|Any CPU
		{5189C88A-51CA-4105-B6AF-4828AEF61A16}.Release|Any CPU.ActiveCfg = Release|Any CPU
		{5189C88A-51CA-4105-B6AF-4828AEF61A16}.Release|Any CPU.Build.0 = Release|Any CPU
	EndGlobalSection
	GlobalSection(SolutionProperties) = preSolution
		HideSolutionNode = FALSE
	EndGlobalSection
	GlobalSection(ExtensibilityGlobals) = postSolution
		SolutionGuid = {DE10A3D1-1451-4DBD-977A-EDF59859928E}
	EndGlobalSection
EndGlobal
